// !$*UTF8*$!
{
	archiveVersion = 1;
	classes = {
	};
	objectVersion = 50;
	objects = {

/* Begin PBXBuildFile section */
		5EE11DE022638FF700F7ED50 /* Main.storyboard in Resources */ = {isa = PBXBuildFile; fileRef = 5EE11DE222638FF700F7ED50 /* Main.storyboard */; };
		5EE11DE52263AAA700F7ED50 /* Localizable.strings in Resources */ = {isa = PBXBuildFile; fileRef = 5EE11DE32263AAA700F7ED50 /* Localizable.strings */; };
		6B0CCDC9221853A200B8072A /* AppDelegate.swift in Sources */ = {isa = PBXBuildFile; fileRef = 6B0CCDC8221853A200B8072A /* AppDelegate.swift */; };
		6B0CCDCB221853A200B8072A /* MainViewController.swift in Sources */ = {isa = PBXBuildFile; fileRef = 6B0CCDCA221853A200B8072A /* MainViewController.swift */; };
		6B0CCDD0221853A600B8072A /* Assets.xcassets in Resources */ = {isa = PBXBuildFile; fileRef = 6B0CCDCF221853A600B8072A /* Assets.xcassets */; };
		6B0CCDD3221853A600B8072A /* LaunchScreen.storyboard in Resources */ = {isa = PBXBuildFile; fileRef = 6B0CCDD1221853A600B8072A /* LaunchScreen.storyboard */; };
		6B0CCDDB2219901100B8072A /* Globals.swift in Sources */ = {isa = PBXBuildFile; fileRef = 6B0CCDDA2219901100B8072A /* Globals.swift */; };
		6B0CCDDD221991E000B8072A /* UserDefaultsExtension.swift in Sources */ = {isa = PBXBuildFile; fileRef = 6B0CCDDC221991E000B8072A /* UserDefaultsExtension.swift */; };
		6B0CCDDF221A115F00B8072A /* UIToolBarExtension.swift in Sources */ = {isa = PBXBuildFile; fileRef = 6B0CCDDE221A115E00B8072A /* UIToolBarExtension.swift */; };
		6B46AF5E2220B1D100A1B37D /* NotificationManager.swift in Sources */ = {isa = PBXBuildFile; fileRef = 6B46AF5D2220B1D100A1B37D /* NotificationManager.swift */; };
		6B4ED1E2226F86D70075B91C /* UIDeviceExtension.swift in Sources */ = {isa = PBXBuildFile; fileRef = 6B4ED1E1226F86D70075B91C /* UIDeviceExtension.swift */; };
		6B5182932247C9C100F570B1 /* Expand.m4a in Resources */ = {isa = PBXBuildFile; fileRef = 6B5182922247C9C100F570B1 /* Expand.m4a */; };
		6B5182952247CBC700F570B1 /* camel2.mp3 in Resources */ = {isa = PBXBuildFile; fileRef = 6B5182942247CBC700F570B1 /* camel2.mp3 */; };
		6B79CA53223710BA003AD8FA /* NotificationConstants.swift in Sources */ = {isa = PBXBuildFile; fileRef = 6B79CA52223710BA003AD8FA /* NotificationConstants.swift */; };
/* End PBXBuildFile section */

/* Begin PBXFileReference section */
		5EE11DDE22638EEA00F7ED50 /* ru */ = {isa = PBXFileReference; lastKnownFileType = text.plist.strings; name = ru; path = ru.lproj/LaunchScreen.strings; sourceTree = "<group>"; };
		5EE11DDF22638EF200F7ED50 /* uk */ = {isa = PBXFileReference; lastKnownFileType = text.plist.strings; name = uk; path = uk.lproj/LaunchScreen.strings; sourceTree = "<group>"; };
		5EE11DE122638FF700F7ED50 /* Base */ = {isa = PBXFileReference; lastKnownFileType = file.storyboard; name = Base; path = Base.lproj/Main.storyboard; sourceTree = "<group>"; };
		5EE11DE42263AAA700F7ED50 /* ru */ = {isa = PBXFileReference; lastKnownFileType = text.plist.strings; name = ru; path = ru.lproj/Localizable.strings; sourceTree = "<group>"; };
		5EE11DE62263AAA700F7ED50 /* ru */ = {isa = PBXFileReference; lastKnownFileType = text.plist.strings; name = ru; path = ru.lproj/Main.strings; sourceTree = "<group>"; };
		5EE11DE72265214D00F7ED50 /* uk */ = {isa = PBXFileReference; lastKnownFileType = text.plist.strings; name = uk; path = uk.lproj/Localizable.strings; sourceTree = "<group>"; };
		5EE11DE82265214D00F7ED50 /* uk */ = {isa = PBXFileReference; lastKnownFileType = text.plist.strings; name = uk; path = uk.lproj/Main.strings; sourceTree = "<group>"; };
		6B0CCDC5221853A200B8072A /* CamelApp.app */ = {isa = PBXFileReference; explicitFileType = wrapper.application; includeInIndex = 0; path = CamelApp.app; sourceTree = BUILT_PRODUCTS_DIR; };
		6B0CCDC8221853A200B8072A /* AppDelegate.swift */ = {isa = PBXFileReference; lastKnownFileType = sourcecode.swift; path = AppDelegate.swift; sourceTree = "<group>"; };
		6B0CCDCA221853A200B8072A /* MainViewController.swift */ = {isa = PBXFileReference; lastKnownFileType = sourcecode.swift; path = MainViewController.swift; sourceTree = "<group>"; };
		6B0CCDCF221853A600B8072A /* Assets.xcassets */ = {isa = PBXFileReference; lastKnownFileType = folder.assetcatalog; path = Assets.xcassets; sourceTree = "<group>"; };
		6B0CCDD2221853A600B8072A /* Base */ = {isa = PBXFileReference; lastKnownFileType = file.storyboard; name = Base; path = Base.lproj/LaunchScreen.storyboard; sourceTree = "<group>"; };
		6B0CCDD4221853A600B8072A /* Info.plist */ = {isa = PBXFileReference; lastKnownFileType = text.plist.xml; path = Info.plist; sourceTree = "<group>"; };
		6B0CCDDA2219901100B8072A /* Globals.swift */ = {isa = PBXFileReference; lastKnownFileType = sourcecode.swift; path = Globals.swift; sourceTree = "<group>"; };
		6B0CCDDC221991E000B8072A /* UserDefaultsExtension.swift */ = {isa = PBXFileReference; lastKnownFileType = sourcecode.swift; path = UserDefaultsExtension.swift; sourceTree = "<group>"; };
		6B0CCDDE221A115E00B8072A /* UIToolBarExtension.swift */ = {isa = PBXFileReference; lastKnownFileType = sourcecode.swift; path = UIToolBarExtension.swift; sourceTree = "<group>"; };
		6B46AF5D2220B1D100A1B37D /* NotificationManager.swift */ = {isa = PBXFileReference; lastKnownFileType = sourcecode.swift; path = NotificationManager.swift; sourceTree = "<group>"; };
		6B4ED1E1226F86D70075B91C /* UIDeviceExtension.swift */ = {isa = PBXFileReference; lastKnownFileType = sourcecode.swift; path = UIDeviceExtension.swift; sourceTree = "<group>"; };
		6B5182922247C9C100F570B1 /* Expand.m4a */ = {isa = PBXFileReference; lastKnownFileType = file; path = Expand.m4a; sourceTree = "<group>"; };
		6B5182942247CBC700F570B1 /* camel2.mp3 */ = {isa = PBXFileReference; lastKnownFileType = audio.mp3; path = camel2.mp3; sourceTree = "<group>"; };
		6B79CA52223710BA003AD8FA /* NotificationConstants.swift */ = {isa = PBXFileReference; lastKnownFileType = sourcecode.swift; path = NotificationConstants.swift; sourceTree = "<group>"; };
/* End PBXFileReference section */

/* Begin PBXFrameworksBuildPhase section */
		6B0CCDC2221853A200B8072A /* Frameworks */ = {
			isa = PBXFrameworksBuildPhase;
			buildActionMask = 2147483647;
			files = (
			);
			runOnlyForDeploymentPostprocessing = 0;
		};
/* End PBXFrameworksBuildPhase section */

/* Begin PBXGroup section */
		6B0CCDBC221853A200B8072A = {
			isa = PBXGroup;
			children = (
				6B5182942247CBC700F570B1 /* camel2.mp3 */,
				6B5182922247C9C100F570B1 /* Expand.m4a */,
				6B0CCDC7221853A200B8072A /* CamelApp */,
				6B0CCDC6221853A200B8072A /* Products */,
			);
			sourceTree = "<group>";
		};
		6B0CCDC6221853A200B8072A /* Products */ = {
			isa = PBXGroup;
			children = (
				6B0CCDC5221853A200B8072A /* CamelApp.app */,
			);
			name = Products;
			sourceTree = "<group>";
		};
		6B0CCDC7221853A200B8072A /* CamelApp */ = {
			isa = PBXGroup;
			children = (
				6B0CCDE0221A181700B8072A /* Extensions */,
				6B0CCDC8221853A200B8072A /* AppDelegate.swift */,
				6B0CCDDA2219901100B8072A /* Globals.swift */,
				6B0CCDCA221853A200B8072A /* MainViewController.swift */,
				6B46AF5D2220B1D100A1B37D /* NotificationManager.swift */,
				6B79CA52223710BA003AD8FA /* NotificationConstants.swift */,
				5EE11DE222638FF700F7ED50 /* Main.storyboard */,
				6B0CCDCF221853A600B8072A /* Assets.xcassets */,
				6B0CCDD1221853A600B8072A /* LaunchScreen.storyboard */,
				6B0CCDD4221853A600B8072A /* Info.plist */,
				5EE11DE32263AAA700F7ED50 /* Localizable.strings */,
			);
			path = CamelApp;
			sourceTree = "<group>";
		};
		6B0CCDE0221A181700B8072A /* Extensions */ = {
			isa = PBXGroup;
			children = (
				6B0CCDDC221991E000B8072A /* UserDefaultsExtension.swift */,
				6B0CCDDE221A115E00B8072A /* UIToolBarExtension.swift */,
				6B4ED1E1226F86D70075B91C /* UIDeviceExtension.swift */,
			);
			path = Extensions;
			sourceTree = "<group>";
		};
/* End PBXGroup section */

/* Begin PBXNativeTarget section */
		6B0CCDC4221853A200B8072A /* CamelApp */ = {
			isa = PBXNativeTarget;
			buildConfigurationList = 6B0CCDD7221853A600B8072A /* Build configuration list for PBXNativeTarget "CamelApp" */;
			buildPhases = (
				6B0CCDC1221853A200B8072A /* Sources */,
				6B0CCDC2221853A200B8072A /* Frameworks */,
				6B0CCDC3221853A200B8072A /* Resources */,
			);
			buildRules = (
			);
			dependencies = (
			);
			name = CamelApp;
			productName = CamelApp;
			productReference = 6B0CCDC5221853A200B8072A /* CamelApp.app */;
			productType = "com.apple.product-type.application";
		};
/* End PBXNativeTarget section */

/* Begin PBXProject section */
		6B0CCDBD221853A200B8072A /* Project object */ = {
			isa = PBXProject;
			attributes = {
				LastSwiftUpdateCheck = 1010;
				LastUpgradeCheck = 1010;
				ORGANIZATIONNAME = "Igor Ryazancev";
				TargetAttributes = {
					6B0CCDC4221853A200B8072A = {
						CreatedOnToolsVersion = 10.1;
						LastSwiftMigration = 1020;
					};
				};
			};
			buildConfigurationList = 6B0CCDC0221853A200B8072A /* Build configuration list for PBXProject "CamelApp" */;
			compatibilityVersion = "Xcode 9.3";
			developmentRegion = en;
			hasScannedForEncodings = 0;
			knownRegions = (
				en,
				Base,
				ru,
				uk,
			);
			mainGroup = 6B0CCDBC221853A200B8072A;
			productRefGroup = 6B0CCDC6221853A200B8072A /* Products */;
			projectDirPath = "";
			projectRoot = "";
			targets = (
				6B0CCDC4221853A200B8072A /* CamelApp */,
			);
		};
/* End PBXProject section */

/* Begin PBXResourcesBuildPhase section */
		6B0CCDC3221853A200B8072A /* Resources */ = {
			isa = PBXResourcesBuildPhase;
			buildActionMask = 2147483647;
			files = (
				6B5182932247C9C100F570B1 /* Expand.m4a in Resources */,
				5EE11DE52263AAA700F7ED50 /* Localizable.strings in Resources */,
				5EE11DE022638FF700F7ED50 /* Main.storyboard in Resources */,
				6B5182952247CBC700F570B1 /* camel2.mp3 in Resources */,
				6B0CCDD3221853A600B8072A /* LaunchScreen.storyboard in Resources */,
				6B0CCDD0221853A600B8072A /* Assets.xcassets in Resources */,
			);
			runOnlyForDeploymentPostprocessing = 0;
		};
/* End PBXResourcesBuildPhase section */

/* Begin PBXSourcesBuildPhase section */
		6B0CCDC1221853A200B8072A /* Sources */ = {
			isa = PBXSourcesBuildPhase;
			buildActionMask = 2147483647;
			files = (
				6B46AF5E2220B1D100A1B37D /* NotificationManager.swift in Sources */,
				6B0CCDCB221853A200B8072A /* MainViewController.swift in Sources */,
				6B0CCDC9221853A200B8072A /* AppDelegate.swift in Sources */,
				6B79CA53223710BA003AD8FA /* NotificationConstants.swift in Sources */,
				6B0CCDDD221991E000B8072A /* UserDefaultsExtension.swift in Sources */,
				6B4ED1E2226F86D70075B91C /* UIDeviceExtension.swift in Sources */,
				6B0CCDDF221A115F00B8072A /* UIToolBarExtension.swift in Sources */,
				6B0CCDDB2219901100B8072A /* Globals.swift in Sources */,
			);
			runOnlyForDeploymentPostprocessing = 0;
		};
/* End PBXSourcesBuildPhase section */

/* Begin PBXVariantGroup section */
		5EE11DE222638FF700F7ED50 /* Main.storyboard */ = {
			isa = PBXVariantGroup;
			children = (
				5EE11DE122638FF700F7ED50 /* Base */,
				5EE11DE62263AAA700F7ED50 /* ru */,
				5EE11DE82265214D00F7ED50 /* uk */,
			);
			name = Main.storyboard;
			sourceTree = "<group>";
		};
		5EE11DE32263AAA700F7ED50 /* Localizable.strings */ = {
			isa = PBXVariantGroup;
			children = (
				5EE11DE42263AAA700F7ED50 /* ru */,
				5EE11DE72265214D00F7ED50 /* uk */,
			);
			name = Localizable.strings;
			sourceTree = "<group>";
		};
		6B0CCDD1221853A600B8072A /* LaunchScreen.storyboard */ = {
			isa = PBXVariantGroup;
			children = (
				6B0CCDD2221853A600B8072A /* Base */,
				5EE11DDE22638EEA00F7ED50 /* ru */,
				5EE11DDF22638EF200F7ED50 /* uk */,
			);
			name = LaunchScreen.storyboard;
			sourceTree = "<group>";
		};
/* End PBXVariantGroup section */

/* Begin XCBuildConfiguration section */
		6B0CCDD5221853A600B8072A /* Debug */ = {
			isa = XCBuildConfiguration;
			buildSettings = {
				ALWAYS_SEARCH_USER_PATHS = NO;
				CLANG_ANALYZER_LOCALIZABILITY_NONLOCALIZED = YES;
				CLANG_ANALYZER_NONNULL = YES;
				CLANG_ANALYZER_NUMBER_OBJECT_CONVERSION = YES_AGGRESSIVE;
				CLANG_CXX_LANGUAGE_STANDARD = "gnu++14";
				CLANG_CXX_LIBRARY = "libc++";
				CLANG_ENABLE_MODULES = YES;
				CLANG_ENABLE_OBJC_ARC = YES;
				CLANG_ENABLE_OBJC_WEAK = YES;
				CLANG_WARN_BLOCK_CAPTURE_AUTORELEASING = YES;
				CLANG_WARN_BOOL_CONVERSION = YES;
				CLANG_WARN_COMMA = YES;
				CLANG_WARN_CONSTANT_CONVERSION = YES;
				CLANG_WARN_DEPRECATED_OBJC_IMPLEMENTATIONS = YES;
				CLANG_WARN_DIRECT_OBJC_ISA_USAGE = YES_ERROR;
				CLANG_WARN_DOCUMENTATION_COMMENTS = YES;
				CLANG_WARN_EMPTY_BODY = YES;
				CLANG_WARN_ENUM_CONVERSION = YES;
				CLANG_WARN_INFINITE_RECURSION = YES;
				CLANG_WARN_INT_CONVERSION = YES;
				CLANG_WARN_NON_LITERAL_NULL_CONVERSION = YES;
				CLANG_WARN_OBJC_IMPLICIT_RETAIN_SELF = YES;
				CLANG_WARN_OBJC_LITERAL_CONVERSION = YES;
				CLANG_WARN_OBJC_ROOT_CLASS = YES_ERROR;
				CLANG_WARN_RANGE_LOOP_ANALYSIS = YES;
				CLANG_WARN_STRICT_PROTOTYPES = YES;
				CLANG_WARN_SUSPICIOUS_MOVE = YES;
				CLANG_WARN_UNGUARDED_AVAILABILITY = YES_AGGRESSIVE;
				CLANG_WARN_UNREACHABLE_CODE = YES;
				CLANG_WARN__DUPLICATE_METHOD_MATCH = YES;
				CODE_SIGN_IDENTITY = "iPhone Developer";
				COPY_PHASE_STRIP = NO;
				DEBUG_INFORMATION_FORMAT = dwarf;
				ENABLE_STRICT_OBJC_MSGSEND = YES;
				ENABLE_TESTABILITY = YES;
				GCC_C_LANGUAGE_STANDARD = gnu11;
				GCC_DYNAMIC_NO_PIC = NO;
				GCC_NO_COMMON_BLOCKS = YES;
				GCC_OPTIMIZATION_LEVEL = 0;
				GCC_PREPROCESSOR_DEFINITIONS = (
					"DEBUG=1",
					"$(inherited)",
				);
				GCC_WARN_64_TO_32_BIT_CONVERSION = YES;
				GCC_WARN_ABOUT_RETURN_TYPE = YES_ERROR;
				GCC_WARN_UNDECLARED_SELECTOR = YES;
				GCC_WARN_UNINITIALIZED_AUTOS = YES_AGGRESSIVE;
				GCC_WARN_UNUSED_FUNCTION = YES;
				GCC_WARN_UNUSED_VARIABLE = YES;
				IPHONEOS_DEPLOYMENT_TARGET = 12.1;
				MTL_ENABLE_DEBUG_INFO = INCLUDE_SOURCE;
				MTL_FAST_MATH = YES;
				ONLY_ACTIVE_ARCH = YES;
				SDKROOT = iphoneos;
				SWIFT_ACTIVE_COMPILATION_CONDITIONS = DEBUG;
				SWIFT_OPTIMIZATION_LEVEL = "-Onone";
			};
			name = Debug;
		};
		6B0CCDD6221853A600B8072A /* Release */ = {
			isa = XCBuildConfiguration;
			buildSettings = {
				ALWAYS_SEARCH_USER_PATHS = NO;
				CLANG_ANALYZER_LOCALIZABILITY_NONLOCALIZED = YES;
				CLANG_ANALYZER_NONNULL = YES;
				CLANG_ANALYZER_NUMBER_OBJECT_CONVERSION = YES_AGGRESSIVE;
				CLANG_CXX_LANGUAGE_STANDARD = "gnu++14";
				CLANG_CXX_LIBRARY = "libc++";
				CLANG_ENABLE_MODULES = YES;
				CLANG_ENABLE_OBJC_ARC = YES;
				CLANG_ENABLE_OBJC_WEAK = YES;
				CLANG_WARN_BLOCK_CAPTURE_AUTORELEASING = YES;
				CLANG_WARN_BOOL_CONVERSION = YES;
				CLANG_WARN_COMMA = YES;
				CLANG_WARN_CONSTANT_CONVERSION = YES;
				CLANG_WARN_DEPRECATED_OBJC_IMPLEMENTATIONS = YES;
				CLANG_WARN_DIRECT_OBJC_ISA_USAGE = YES_ERROR;
				CLANG_WARN_DOCUMENTATION_COMMENTS = YES;
				CLANG_WARN_EMPTY_BODY = YES;
				CLANG_WARN_ENUM_CONVERSION = YES;
				CLANG_WARN_INFINITE_RECURSION = YES;
				CLANG_WARN_INT_CONVERSION = YES;
				CLANG_WARN_NON_LITERAL_NULL_CONVERSION = YES;
				CLANG_WARN_OBJC_IMPLICIT_RETAIN_SELF = YES;
				CLANG_WARN_OBJC_LITERAL_CONVERSION = YES;
				CLANG_WARN_OBJC_ROOT_CLASS = YES_ERROR;
				CLANG_WARN_RANGE_LOOP_ANALYSIS = YES;
				CLANG_WARN_STRICT_PROTOTYPES = YES;
				CLANG_WARN_SUSPICIOUS_MOVE = YES;
				CLANG_WARN_UNGUARDED_AVAILABILITY = YES_AGGRESSIVE;
				CLANG_WARN_UNREACHABLE_CODE = YES;
				CLANG_WARN__DUPLICATE_METHOD_MATCH = YES;
				CODE_SIGN_IDENTITY = "iPhone Developer";
				COPY_PHASE_STRIP = NO;
				DEBUG_INFORMATION_FORMAT = "dwarf-with-dsym";
				ENABLE_NS_ASSERTIONS = NO;
				ENABLE_STRICT_OBJC_MSGSEND = YES;
				GCC_C_LANGUAGE_STANDARD = gnu11;
				GCC_NO_COMMON_BLOCKS = YES;
				GCC_WARN_64_TO_32_BIT_CONVERSION = YES;
				GCC_WARN_ABOUT_RETURN_TYPE = YES_ERROR;
				GCC_WARN_UNDECLARED_SELECTOR = YES;
				GCC_WARN_UNINITIALIZED_AUTOS = YES_AGGRESSIVE;
				GCC_WARN_UNUSED_FUNCTION = YES;
				GCC_WARN_UNUSED_VARIABLE = YES;
				IPHONEOS_DEPLOYMENT_TARGET = 12.1;
				MTL_ENABLE_DEBUG_INFO = NO;
				MTL_FAST_MATH = YES;
				SDKROOT = iphoneos;
				SWIFT_COMPILATION_MODE = wholemodule;
				SWIFT_OPTIMIZATION_LEVEL = "-O";
				VALIDATE_PRODUCT = YES;
			};
			name = Release;
		};
		6B0CCDD8221853A600B8072A /* Debug */ = {
			isa = XCBuildConfiguration;
			buildSettings = {
				ASSETCATALOG_COMPILER_APPICON_NAME = AppIcon;
				CODE_SIGN_STYLE = Automatic;
				DEVELOPMENT_TEAM = VLTNY99F7H;
				INFOPLIST_FILE = CamelApp/Info.plist;
				IPHONEOS_DEPLOYMENT_TARGET = 11.0;
				LD_RUNPATH_SEARCH_PATHS = (
					"$(inherited)",
					"@executable_path/Frameworks",
				);
				PRODUCT_BUNDLE_IDENTIFIER = BAYTOV.apps.CamelApp;
				PRODUCT_NAME = "$(TARGET_NAME)";
				SWIFT_VERSION = 5.0;
				TARGETED_DEVICE_FAMILY = 1;
			};
			name = Debug;
		};
		6B0CCDD9221853A600B8072A /* Release */ = {
			isa = XCBuildConfiguration;
			buildSettings = {
				ASSETCATALOG_COMPILER_APPICON_NAME = AppIcon;
				CODE_SIGN_STYLE = Automatic;
				DEVELOPMENT_TEAM = VLTNY99F7H;
				INFOPLIST_FILE = CamelApp/Info.plist;
				IPHONEOS_DEPLOYMENT_TARGET = 11.0;
				LD_RUNPATH_SEARCH_PATHS = (
					"$(inherited)",
					"@executable_path/Frameworks",
				);
				PRODUCT_BUNDLE_IDENTIFIER = BAYTOV.apps.CamelApp;
				PRODUCT_NAME = "$(TARGET_NAME)";
				SWIFT_VERSION = 5.0;
				TARGETED_DEVICE_FAMILY = 1;
			};
			name = Release;
		};
/* End XCBuildConfiguration section */

/* Begin XCConfigurationList section */
		6B0CCDC0221853A200B8072A /* Build configuration list for PBXProject "CamelApp" */ = {
			isa = XCConfigurationList;
			buildConfigurations = (
				6B0CCDD5221853A600B8072A /* Debug */,
				6B0CCDD6221853A600B8072A /* Release */,
			);
			defaultConfigurationIsVisible = 0;
			defaultConfigurationName = Release;
		};
		6B0CCDD7221853A600B8072A /* Build configuration list for PBXNativeTarget "CamelApp" */ = {
			isa = XCConfigurationList;
			buildConfigurations = (
				6B0CCDD8221853A600B8072A /* Debug */,
				6B0CCDD9221853A600B8072A /* Release */,
			);
			defaultConfigurationIsVisible = 0;
			defaultConfigurationName = Release;
		};
/* End XCConfigurationList section */
	};
	rootObject = 6B0CCDBD221853A200B8072A /* Project object */;
}
